{
  "requires": true,
  "lockfileVersion": 1,
  "dependencies": {
    "@types/screeps": {
      "version": "2.4.1",
      "resolved": "https://registry.npmjs.org/@types/screeps/-/screeps-2.4.1.tgz",
      "integrity": "sha512-ZKgKeaZp2pSrYlWlBGJFF8rAOa99OHDJuPdXPmcHhS6FrTvJFjAJszqSvTmGvuegpnzHR1oqkcCDXMcKzPqnZA=="
    }
  }
}