{
  "requires": true,
  "lockfileVersion": 1,
  "dependencies": {
    "@types/screeps": {
      "version": "2.5.1",
      "resolved": "https://registry.npmjs.org/@types/screeps/-/screeps-2.5.1.tgz",
      "integrity": "sha512-rtm04b4ZcYhD32rT9DW3a6YU3MR/Hd8Q8/60qU4vcvJ8Ss2rYkq+f249BS2Jav65FseRfZShfEnS51ng1cZVPg=="
    }
  }
}
